{
  "name": "makenew-jekyll-site",
  "version": "1.3.1",
  "dependencies": {
    "ansi-regex": {
      "version": "2.0.0",
      "from": "ansi-regex@>=2.0.0 <3.0.0",
      "resolved": "https://registry.npmjs.org/ansi-regex/-/ansi-regex-2.0.0.tgz"
    },
    "bower": {
      "version": "1.7.7",
      "from": "bower@>=1.7.4 <2.0.0",
      "resolved": "https://registry.npmjs.org/bower/-/bower-1.7.7.tgz"
    },
    "camelcase": {
      "version": "2.1.0",
      "from": "camelcase@>=2.0.1 <3.0.0",
      "resolved": "https://registry.npmjs.org/camelcase/-/camelcase-2.1.0.tgz"
    },
    "cliui": {
      "version": "3.1.0",
      "from": "cliui@>=3.0.3 <4.0.0",
      "resolved": "https://registry.npmjs.org/cliui/-/cliui-3.1.0.tgz"
    },
    "code-point-at": {
      "version": "1.0.0",
      "from": "code-point-at@>=1.0.0 <2.0.0",
      "resolved": "https://registry.npmjs.org/code-point-at/-/code-point-at-1.0.0.tgz"
    },
    "decamelize": {
      "version": "1.1.2",
      "from": "decamelize@>=1.1.1 <2.0.0",
      "resolved": "https://registry.npmjs.org/decamelize/-/decamelize-1.1.2.tgz"
    },
    "doctrine": {
      "version": "1.1.0",
      "from": "doctrine@1.1.0",
      "resolved": "https://registry.npmjs.org/doctrine/-/doctrine-1.1.0.tgz"
    },
    "escape-string-regexp": {
      "version": "1.0.5",
      "from": "escape-string-regexp@>=1.0.4 <2.0.0",
      "resolved": "https://registry.npmjs.org/escape-string-regexp/-/escape-string-regexp-1.0.5.tgz"
    },
    "esutils": {
      "version": "1.1.6",
      "from": "esutils@>=1.1.6 <2.0.0",
      "resolved": "https://registry.npmjs.org/esutils/-/esutils-1.1.6.tgz"
    },
    "file": {
      "version": "0.2.2",
      "from": "file@0.2.2",
      "resolved": "https://registry.npmjs.org/file/-/file-0.2.2.tgz"
    },
    "find-parent-dir": {
      "version": "0.3.0",
      "from": "find-parent-dir@0.3.0",
      "resolved": "https://registry.npmjs.org/find-parent-dir/-/find-parent-dir-0.3.0.tgz"
    },
    "invert-kv": {
      "version": "1.0.0",
      "from": "invert-kv@>=1.0.0 <2.0.0",
      "resolved": "https://registry.npmjs.org/invert-kv/-/invert-kv-1.0.0.tgz"
    },
    "is-fullwidth-code-point": {
      "version": "1.0.0",
      "from": "is-fullwidth-code-point@>=1.0.0 <2.0.0",
      "resolved": "https://registry.npmjs.org/is-fullwidth-code-point/-/is-fullwidth-code-point-1.0.0.tgz"
    },
    "isarray": {
      "version": "0.0.1",
      "from": "isarray@0.0.1",
      "resolved": "https://registry.npmjs.org/isarray/-/isarray-0.0.1.tgz"
    },
    "lcid": {
      "version": "1.0.0",
      "from": "lcid@>=1.0.0 <2.0.0",
      "resolved": "https://registry.npmjs.org/lcid/-/lcid-1.0.0.tgz"
    },
    "lodash": {
      "version": "4.0.0",
      "from": "lodash@4.0.0",
      "resolved": "https://registry.npmjs.org/lodash/-/lodash-4.0.0.tgz"
    },
    "marked": {
      "version": "0.3.5",
      "from": "marked@0.3.5",
      "resolved": "https://registry.npmjs.org/marked/-/marked-0.3.5.tgz"
    },
    "minimist": {
      "version": "0.0.8",
      "from": "minimist@0.0.8",
      "resolved": "https://registry.npmjs.org/minimist/-/minimist-0.0.8.tgz"
    },
    "mkdirp": {
      "version": "0.5.1",
      "from": "mkdirp@0.5.1",
      "resolved": "https://registry.npmjs.org/mkdirp/-/mkdirp-0.5.1.tgz"
    },
    "modernizr": {
      "version": "3.3.1",
      "from": "modernizr@>=3.3.1 <3.4.0",
      "resolved": "https://registry.npmjs.org/modernizr/-/modernizr-3.3.1.tgz"
    },
    "number-is-nan": {
      "version": "1.0.0",
      "from": "number-is-nan@>=1.0.0 <2.0.0",
      "resolved": "https://registry.npmjs.org/number-is-nan/-/number-is-nan-1.0.0.tgz"
    },
    "os-locale": {
      "version": "1.4.0",
      "from": "os-locale@>=1.4.0 <2.0.0",
      "resolved": "https://registry.npmjs.org/os-locale/-/os-locale-1.4.0.tgz"
    },
    "requirejs": {
      "version": "2.1.22",
      "from": "requirejs@2.1.22",
      "resolved": "https://registry.npmjs.org/requirejs/-/requirejs-2.1.22.tgz"
    },
    "string-width": {
      "version": "1.0.1",
      "from": "string-width@>=1.0.1 <2.0.0",
      "resolved": "https://registry.npmjs.org/string-width/-/string-width-1.0.1.tgz"
    },
    "strip-ansi": {
      "version": "3.0.1",
      "from": "strip-ansi@>=3.0.0 <4.0.0",
      "resolved": "https://registry.npmjs.org/strip-ansi/-/strip-ansi-3.0.1.tgz"
    },
    "window-size": {
      "version": "0.1.4",
      "from": "window-size@>=0.1.4 <0.2.0",
      "resolved": "https://registry.npmjs.org/window-size/-/window-size-0.1.4.tgz"
    },
    "wrap-ansi": {
      "version": "1.0.0",
      "from": "wrap-ansi@>=1.0.0 <2.0.0",
      "resolved": "https://registry.npmjs.org/wrap-ansi/-/wrap-ansi-1.0.0.tgz"
    },
    "y18n": {
      "version": "3.2.0",
      "from": "y18n@>=3.2.0 <4.0.0",
      "resolved": "https://registry.npmjs.org/y18n/-/y18n-3.2.0.tgz"
    },
    "yargs": {
      "version": "3.31.0",
      "from": "yargs@3.31.0",
      "resolved": "https://registry.npmjs.org/yargs/-/yargs-3.31.0.tgz"
    }
  }
}
